
Microsoft Visual Studio Solution File, Format Version 12.00
# Visual Studio Version 16
VisualStudioVersion = 16.0.31019.35
MinimumVisualStudioVersion = 15.0.26124.0
Project("{2150E333-8FDC-42A3-9474-1A3956D46DE8}") = "src", "src", "{6BF9AED8-F3BA-4A7F-BB06-CE658934618F}"
EndProject
Project("{9A19103F-16F7-4668-BE54-9A1E7A4F7556}") = "Pacioli.Entities", "src\Pacioli.Entities\Pacioli.Entities.csproj", "{0331B5D1-99F1-4612-8FB0-E27E639849D5}"
EndProject
Project("{2150E333-8FDC-42A3-9474-1A3956D46DE8}") = "test", "test", "{CAE9030E-BBD7-4866-AABF-B761BB67FBC4}"
EndProject
Project("{9A19103F-16F7-4668-BE54-9A1E7A4F7556}") = "Pacioli.Entities.Tests", "test\Pacioli.Entities.Tests\Pacioli.Entities.Tests.csproj", "{241FE973-777C-4688-AD29-94AF621D44E9}"
EndProject
Project("{9A19103F-16F7-4668-BE54-9A1E7A4F7556}") = "Pacioli.UseCases", "src\Pacioli.UseCases\Pacioli.UseCases.csproj", "{C8A01FFC-A426-4242-A7FE-97E2A6E8E872}"
EndProject
Project("{FAE04EC0-301F-11D3-BF4B-00C04F79EFBC}") = "Pacioli.UseCases.Tests", "test\Pacioli.UseCases.Tests\Pacioli.UseCases.Tests.csproj", "{7456DD05-6402-4567-A07A-6223BA3F27C3}"
EndProject
Project("{FAE04EC0-301F-11D3-BF4B-00C04F79EFBC}") = "Pacioli.DesktopUI", "src\Pacioli.DesktopUI\Pacioli.DesktopUI.csproj", "{7CC9293E-8044-4B75-B49A-E1D0B2693C1E}"
EndProject
Global
	GlobalSection(SolutionConfigurationPlatforms) = preSolution
		Debug|Any CPU = Debug|Any CPU
		Debug|x64 = Debug|x64
		Debug|x86 = Debug|x86
		Release|Any CPU = Release|Any CPU
		Release|x64 = Release|x64
		Release|x86 = Release|x86
	EndGlobalSection
	GlobalSection(ProjectConfigurationPlatforms) = postSolution
		{0331B5D1-99F1-4612-8FB0-E27E639849D5}.Debug|Any CPU.ActiveCfg = Debug|Any CPU
		{0331B5D1-99F1-4612-8FB0-E27E639849D5}.Debug|Any CPU.Build.0 = Debug|Any CPU
		{0331B5D1-99F1-4612-8FB0-E27E639849D5}.Debug|x64.ActiveCfg = Debug|Any CPU
		{0331B5D1-99F1-4612-8FB0-E27E639849D5}.Debug|x64.Build.0 = Debug|Any CPU
		{0331B5D1-99F1-4612-8FB0-E27E639849D5}.Debug|x86.ActiveCfg = Debug|Any CPU
		{0331B5D1-99F1-4612-8FB0-E27E639849D5}.Debug|x86.Build.0 = Debug|Any CPU
		{0331B5D1-99F1-4612-8FB0-E27E639849D5}.Release|Any CPU.ActiveCfg = Release|Any CPU
		{0331B5D1-99F1-4612-8FB0-E27E639849D5}.Release|Any CPU.Build.0 = Release|Any CPU
		{0331B5D1-99F1-4612-8FB0-E27E639849D5}.Release|x64.ActiveCfg = Release|Any CPU
		{0331B5D1-99F1-4612-8FB0-E27E639849D5}.Release|x64.Build.0 = Release|Any CPU
		{0331B5D1-99F1-4612-8FB0-E27E639849D5}.Release|x86.ActiveCfg = Release|Any CPU
		{0331B5D1-99F1-4612-8FB0-E27E639849D5}.Release|x86.Build.0 = Release|Any CPU
		{241FE973-777C-4688-AD29-94AF621D44E9}.Debug|Any CPU.ActiveCfg = Debug|Any CPU
		{241FE973-777C-4688-AD29-94AF621D44E9}.Debug|Any CPU.Build.0 = Debug|Any CPU
		{241FE973-777C-4688-AD29-94AF621D44E9}.Debug|x64.ActiveCfg = Debug|Any CPU
		{241FE973-777C-4688-AD29-94AF621D44E9}.Debug|x64.Build.0 = Debug|Any CPU
		{241FE973-777C-4688-AD29-94AF621D44E9}.Debug|x86.ActiveCfg = Debug|Any CPU
		{241FE973-777C-4688-AD29-94AF621D44E9}.Debug|x86.Build.0 = Debug|Any CPU
		{241FE973-777C-4688-AD29-94AF621D44E9}.Release|Any CPU.ActiveCfg = Release|Any CPU
		{241FE973-777C-4688-AD29-94AF621D44E9}.Release|Any CPU.Build.0 = Release|Any CPU
		{241FE973-777C-4688-AD29-94AF621D44E9}.Release|x64.ActiveCfg = Release|Any CPU
		{241FE973-777C-4688-AD29-94AF621D44E9}.Release|x64.Build.0 = Release|Any CPU
		{241FE973-777C-4688-AD29-94AF621D44E9}.Release|x86.ActiveCfg = Release|Any CPU
		{241FE973-777C-4688-AD29-94AF621D44E9}.Release|x86.Build.0 = Release|Any CPU
		{C8A01FFC-A426-4242-A7FE-97E2A6E8E872}.Debug|Any CPU.ActiveCfg = Debug|Any CPU
		{C8A01FFC-A426-4242-A7FE-97E2A6E8E872}.Debug|Any CPU.Build.0 = Debug|Any CPU
		{C8A01FFC-A426-4242-A7FE-97E2A6E8E872}.Debug|x64.ActiveCfg = Debug|Any CPU
		{C8A01FFC-A426-4242-A7FE-97E2A6E8E872}.Debug|x64.Build.0 = Debug|Any CPU
		{C8A01FFC-A426-4242-A7FE-97E2A6E8E872}.Debug|x86.ActiveCfg = Debug|Any CPU
		{C8A01FFC-A426-4242-A7FE-97E2A6E8E872}.Debug|x86.Build.0 = Debug|Any CPU
		{C8A01FFC-A426-4242-A7FE-97E2A6E8E872}.Release|Any CPU.ActiveCfg = Release|Any CPU
		{C8A01FFC-A426-4242-A7FE-97E2A6E8E872}.Release|Any CPU.Build.0 = Release|Any CPU
		{C8A01FFC-A426-4242-A7FE-97E2A6E8E872}.Release|x64.ActiveCfg = Release|Any CPU
		{C8A01FFC-A426-4242-A7FE-97E2A6E8E872}.Release|x64.Build.0 = Release|Any CPU
		{C8A01FFC-A426-4242-A7FE-97E2A6E8E872}.Release|x86.ActiveCfg = Release|Any CPU
		{C8A01FFC-A426-4242-A7FE-97E2A6E8E872}.Release|x86.Build.0 = Release|Any CPU
		{7456DD05-6402-4567-A07A-6223BA3F27C3}.Debug|Any CPU.ActiveCfg = Debug|Any CPU
		{7456DD05-6402-4567-A07A-6223BA3F27C3}.Debug|Any CPU.Build.0 = Debug|Any CPU
		{7456DD05-6402-4567-A07A-6223BA3F27C3}.Debug|x64.ActiveCfg = Debug|Any CPU
		{7456DD05-6402-4567-A07A-6223BA3F27C3}.Debug|x64.Build.0 = Debug|Any CPU
		{7456DD05-6402-4567-A07A-6223BA3F27C3}.Debug|x86.ActiveCfg = Debug|Any CPU
		{7456DD05-6402-4567-A07A-6223BA3F27C3}.Debug|x86.Build.0 = Debug|Any CPU
		{7456DD05-6402-4567-A07A-6223BA3F27C3}.Release|Any CPU.ActiveCfg = Release|Any CPU
		{7456DD05-6402-4567-A07A-6223BA3F27C3}.Release|Any CPU.Build.0 = Release|Any CPU
		{7456DD05-6402-4567-A07A-6223BA3F27C3}.Release|x64.ActiveCfg = Release|Any CPU
		{7456DD05-6402-4567-A07A-6223BA3F27C3}.Release|x64.Build.0 = Release|Any CPU
		{7456DD05-6402-4567-A07A-6223BA3F27C3}.Release|x86.ActiveCfg = Release|Any CPU
		{7456DD05-6402-4567-A07A-6223BA3F27C3}.Release|x86.Build.0 = Release|Any CPU
		{7CC9293E-8044-4B75-B49A-E1D0B2693C1E}.Debug|Any CPU.ActiveCfg = Debug|Any CPU
		{7CC9293E-8044-4B75-B49A-E1D0B2693C1E}.Debug|Any CPU.Build.0 = Debug|Any CPU
		{7CC9293E-8044-4B75-B49A-E1D0B2693C1E}.Debug|x64.ActiveCfg = Debug|Any CPU
		{7CC9293E-8044-4B75-B49A-E1D0B2693C1E}.Debug|x64.Build.0 = Debug|Any CPU
		{7CC9293E-8044-4B75-B49A-E1D0B2693C1E}.Debug|x86.ActiveCfg = Debug|Any CPU
		{7CC9293E-8044-4B75-B49A-E1D0B2693C1E}.Debug|x86.Build.0 = Debug|Any CPU
		{7CC9293E-8044-4B75-B49A-E1D0B2693C1E}.Release|Any CPU.ActiveCfg = Release|Any CPU
		{7CC9293E-8044-4B75-B49A-E1D0B2693C1E}.Release|Any CPU.Build.0 = Release|Any CPU
		{7CC9293E-8044-4B75-B49A-E1D0B2693C1E}.Release|x64.ActiveCfg = Release|Any CPU
		{7CC9293E-8044-4B75-B49A-E1D0B2693C1E}.Release|x64.Build.0 = Release|Any CPU
		{7CC9293E-8044-4B75-B49A-E1D0B2693C1E}.Release|x86.ActiveCfg = Release|Any CPU
		{7CC9293E-8044-4B75-B49A-E1D0B2693C1E}.Release|x86.Build.0 = Release|Any CPU
	EndGlobalSection
	GlobalSection(SolutionProperties) = preSolution
		HideSolutionNode = FALSE
	EndGlobalSection
	GlobalSection(NestedProjects) = preSolution
		{0331B5D1-99F1-4612-8FB0-E27E639849D5} = {6BF9AED8-F3BA-4A7F-BB06-CE658934618F}
		{241FE973-777C-4688-AD29-94AF621D44E9} = {CAE9030E-BBD7-4866-AABF-B761BB67FBC4}
		{C8A01FFC-A426-4242-A7FE-97E2A6E8E872} = {6BF9AED8-F3BA-4A7F-BB06-CE658934618F}
		{7456DD05-6402-4567-A07A-6223BA3F27C3} = {CAE9030E-BBD7-4866-AABF-B761BB67FBC4}
		{7CC9293E-8044-4B75-B49A-E1D0B2693C1E} = {6BF9AED8-F3BA-4A7F-BB06-CE658934618F}
	EndGlobalSection
	GlobalSection(ExtensibilityGlobals) = postSolution
		SolutionGuid = {BECB3866-69D6-4630-B3EA-5717340E486A}
	EndGlobalSection
EndGlobal
